
Microsoft Visual Studio Solution File, Format Version 12.00
# Visual Studio Version 17
VisualStudioVersion = 17.1.32210.238
MinimumVisualStudioVersion = 10.0.40219.1
Project("{FAE04EC0-301F-11D3-BF4B-00C04F79EFBC}") = "OrderAPI", "OrderAPI\OrderAPI.csproj", "{4C2F457C-7B57-412C-8CCE-6F6EFC90C848}"
EndProject
Project("{FAE04EC0-301F-11D3-BF4B-00C04F79EFBC}") = "Repository", "Repository\Repository.csproj", "{C8FEC431-0E3D-45E3-963A-785E0D3439B0}"
EndProject
Project("{FAE04EC0-301F-11D3-BF4B-00C04F79EFBC}") = "Interfaces", "Interfaces\Interfaces.csproj", "{67CA0A4D-02BA-4A2F-947E-0318B0063C60}"
EndProject
Project("{FAE04EC0-301F-11D3-BF4B-00C04F79EFBC}") = "Models", "Models\Models.csproj", "{663E35AF-27BA-4C32-8110-E92DBFB823F8}"
EndProject
Global
	GlobalSection(SolutionConfigurationPlatforms) = preSolution
		Debug|Any CPU = Debug|Any CPU
		Release|Any CPU = Release|Any CPU
	EndGlobalSection
	GlobalSection(ProjectConfigurationPlatforms) = postSolution
		{4C2F457C-7B57-412C-8CCE-6F6EFC90C848}.Debug|Any CPU.ActiveCfg = Debug|Any CPU
		{4C2F457C-7B57-412C-8CCE-6F6EFC90C848}.Debug|Any CPU.Build.0 = Debug|Any CPU
		{4C2F457C-7B57-412C-8CCE-6F6EFC90C848}.Release|Any CPU.ActiveCfg = Release|Any CPU
		{4C2F457C-7B57-412C-8CCE-6F6EFC90C848}.Release|Any CPU.Build.0 = Release|Any CPU
		{C8FEC431-0E3D-45E3-963A-785E0D3439B0}.Debug|Any CPU.ActiveCfg = Debug|Any CPU
		{C8FEC431-0E3D-45E3-963A-785E0D3439B0}.Debug|Any CPU.Build.0 = Debug|Any CPU
		{C8FEC431-0E3D-45E3-963A-785E0D3439B0}.Release|Any CPU.ActiveCfg = Release|Any CPU
		{C8FEC431-0E3D-45E3-963A-785E0D3439B0}.Release|Any CPU.Build.0 = Release|Any CPU
		{67CA0A4D-02BA-4A2F-947E-0318B0063C60}.Debug|Any CPU.ActiveCfg = Debug|Any CPU
		{67CA0A4D-02BA-4A2F-947E-0318B0063C60}.Debug|Any CPU.Build.0 = Debug|Any CPU
		{67CA0A4D-02BA-4A2F-947E-0318B0063C60}.Release|Any CPU.ActiveCfg = Release|Any CPU
		{67CA0A4D-02BA-4A2F-947E-0318B0063C60}.Release|Any CPU.Build.0 = Release|Any CPU
		{663E35AF-27BA-4C32-8110-E92DBFB823F8}.Debug|Any CPU.ActiveCfg = Debug|Any CPU
		{663E35AF-27BA-4C32-8110-E92DBFB823F8}.Debug|Any CPU.Build.0 = Debug|Any CPU
		{663E35AF-27BA-4C32-8110-E92DBFB823F8}.Release|Any CPU.ActiveCfg = Release|Any CPU
		{663E35AF-27BA-4C32-8110-E92DBFB823F8}.Release|Any CPU.Build.0 = Release|Any CPU
	EndGlobalSection
	GlobalSection(SolutionProperties) = preSolution
		HideSolutionNode = FALSE
	EndGlobalSection
	GlobalSection(ExtensibilityGlobals) = postSolution
		SolutionGuid = {905185DB-577E-478D-9B45-BB04BB70A676}
	EndGlobalSection
EndGlobal
